
Microsoft Visual Studio Solution File, Format Version 12.00
# Visual Studio 2013
VisualStudioVersion = 12.0.40629.0
MinimumVisualStudioVersion = 10.0.40219.1
Project("{FAE04EC0-301F-11D3-BF4B-00C04F79EFBC}") = "Atenda.Data", "Atenda.Data\Atenda.Data.csproj", "{1CCE3DAF-95F5-4230-9B77-E7FF98F04E64}"
EndProject
Project("{FAE04EC0-301F-11D3-BF4B-00C04F79EFBC}") = "Atenda.Repository", "Atenda.Repository\Atenda.Repository.csproj", "{E691919D-1266-426C-A093-DA89B9EF7F08}"
EndProject
Project("{FAE04EC0-301F-11D3-BF4B-00C04F79EFBC}") = "Atenda.Conn", "Atenda.Conn\Atenda.Conn.csproj", "{9FF1EC1D-EEF9-48E8-BCA6-17E4C1CA9AB9}"
EndProject
Project("{FAE04EC0-301F-11D3-BF4B-00C04F79EFBC}") = "Atenda.Web", "Atenda.Web\Atenda.Web.csproj", "{B4D48088-AB79-462F-A3E7-E16CD6BF737C}"
EndProject
Project("{FAE04EC0-301F-11D3-BF4B-00C04F79EFBC}") = "Atenda.App", "Atenda.App\Atenda.App.csproj", "{0565485A-D6D6-4B5B-8385-41EF9D7D445C}"
EndProject
Global
	GlobalSection(SolutionConfigurationPlatforms) = preSolution
		Debug|Any CPU = Debug|Any CPU
		Debug|ARM = Debug|ARM
		Debug|x86 = Debug|x86
		Release|Any CPU = Release|Any CPU
		Release|ARM = Release|ARM
		Release|x86 = Release|x86
	EndGlobalSection
	GlobalSection(ProjectConfigurationPlatforms) = postSolution
		{1CCE3DAF-95F5-4230-9B77-E7FF98F04E64}.Debug|Any CPU.ActiveCfg = Debug|Any CPU
		{1CCE3DAF-95F5-4230-9B77-E7FF98F04E64}.Debug|Any CPU.Build.0 = Debug|Any CPU
		{1CCE3DAF-95F5-4230-9B77-E7FF98F04E64}.Debug|ARM.ActiveCfg = Debug|Any CPU
		{1CCE3DAF-95F5-4230-9B77-E7FF98F04E64}.Debug|x86.ActiveCfg = Debug|Any CPU
		{1CCE3DAF-95F5-4230-9B77-E7FF98F04E64}.Release|Any CPU.ActiveCfg = Release|Any CPU
		{1CCE3DAF-95F5-4230-9B77-E7FF98F04E64}.Release|Any CPU.Build.0 = Release|Any CPU
		{1CCE3DAF-95F5-4230-9B77-E7FF98F04E64}.Release|ARM.ActiveCfg = Release|Any CPU
		{1CCE3DAF-95F5-4230-9B77-E7FF98F04E64}.Release|x86.ActiveCfg = Release|Any CPU
		{E691919D-1266-426C-A093-DA89B9EF7F08}.Debug|Any CPU.ActiveCfg = Debug|Any CPU
		{E691919D-1266-426C-A093-DA89B9EF7F08}.Debug|Any CPU.Build.0 = Debug|Any CPU
		{E691919D-1266-426C-A093-DA89B9EF7F08}.Debug|ARM.ActiveCfg = Debug|Any CPU
		{E691919D-1266-426C-A093-DA89B9EF7F08}.Debug|x86.ActiveCfg = Debug|Any CPU
		{E691919D-1266-426C-A093-DA89B9EF7F08}.Release|Any CPU.ActiveCfg = Release|Any CPU
		{E691919D-1266-426C-A093-DA89B9EF7F08}.Release|Any CPU.Build.0 = Release|Any CPU
		{E691919D-1266-426C-A093-DA89B9EF7F08}.Release|ARM.ActiveCfg = Release|Any CPU
		{E691919D-1266-426C-A093-DA89B9EF7F08}.Release|x86.ActiveCfg = Release|Any CPU
		{9FF1EC1D-EEF9-48E8-BCA6-17E4C1CA9AB9}.Debug|Any CPU.ActiveCfg = Debug|Any CPU
		{9FF1EC1D-EEF9-48E8-BCA6-17E4C1CA9AB9}.Debug|Any CPU.Build.0 = Debug|Any CPU
		{9FF1EC1D-EEF9-48E8-BCA6-17E4C1CA9AB9}.Debug|ARM.ActiveCfg = Debug|Any CPU
		{9FF1EC1D-EEF9-48E8-BCA6-17E4C1CA9AB9}.Debug|x86.ActiveCfg = Debug|Any CPU
		{9FF1EC1D-EEF9-48E8-BCA6-17E4C1CA9AB9}.Release|Any CPU.ActiveCfg = Release|Any CPU
		{9FF1EC1D-EEF9-48E8-BCA6-17E4C1CA9AB9}.Release|Any CPU.Build.0 = Release|Any CPU
		{9FF1EC1D-EEF9-48E8-BCA6-17E4C1CA9AB9}.Release|ARM.ActiveCfg = Release|Any CPU
		{9FF1EC1D-EEF9-48E8-BCA6-17E4C1CA9AB9}.Release|x86.ActiveCfg = Release|Any CPU
		{B4D48088-AB79-462F-A3E7-E16CD6BF737C}.Debug|Any CPU.ActiveCfg = Debug|Any CPU
		{B4D48088-AB79-462F-A3E7-E16CD6BF737C}.Debug|Any CPU.Build.0 = Debug|Any CPU
		{B4D48088-AB79-462F-A3E7-E16CD6BF737C}.Debug|ARM.ActiveCfg = Debug|Any CPU
		{B4D48088-AB79-462F-A3E7-E16CD6BF737C}.Debug|x86.ActiveCfg = Debug|Any CPU
		{B4D48088-AB79-462F-A3E7-E16CD6BF737C}.Release|Any CPU.ActiveCfg = Release|Any CPU
		{B4D48088-AB79-462F-A3E7-E16CD6BF737C}.Release|Any CPU.Build.0 = Release|Any CPU
		{B4D48088-AB79-462F-A3E7-E16CD6BF737C}.Release|ARM.ActiveCfg = Release|Any CPU
		{B4D48088-AB79-462F-A3E7-E16CD6BF737C}.Release|x86.ActiveCfg = Release|Any CPU
		{0565485A-D6D6-4B5B-8385-41EF9D7D445C}.Debug|Any CPU.ActiveCfg = Debug|Any CPU
		{0565485A-D6D6-4B5B-8385-41EF9D7D445C}.Debug|Any CPU.Build.0 = Debug|Any CPU
		{0565485A-D6D6-4B5B-8385-41EF9D7D445C}.Debug|Any CPU.Deploy.0 = Debug|Any CPU
		{0565485A-D6D6-4B5B-8385-41EF9D7D445C}.Debug|ARM.ActiveCfg = Debug|ARM
		{0565485A-D6D6-4B5B-8385-41EF9D7D445C}.Debug|ARM.Build.0 = Debug|ARM
		{0565485A-D6D6-4B5B-8385-41EF9D7D445C}.Debug|ARM.Deploy.0 = Debug|ARM
		{0565485A-D6D6-4B5B-8385-41EF9D7D445C}.Debug|x86.ActiveCfg = Debug|x86
		{0565485A-D6D6-4B5B-8385-41EF9D7D445C}.Debug|x86.Build.0 = Debug|x86
		{0565485A-D6D6-4B5B-8385-41EF9D7D445C}.Debug|x86.Deploy.0 = Debug|x86
		{0565485A-D6D6-4B5B-8385-41EF9D7D445C}.Release|Any CPU.ActiveCfg = Release|Any CPU
		{0565485A-D6D6-4B5B-8385-41EF9D7D445C}.Release|Any CPU.Build.0 = Release|Any CPU
		{0565485A-D6D6-4B5B-8385-41EF9D7D445C}.Release|Any CPU.Deploy.0 = Release|Any CPU
		{0565485A-D6D6-4B5B-8385-41EF9D7D445C}.Release|ARM.ActiveCfg = Release|ARM
		{0565485A-D6D6-4B5B-8385-41EF9D7D445C}.Release|ARM.Build.0 = Release|ARM
		{0565485A-D6D6-4B5B-8385-41EF9D7D445C}.Release|ARM.Deploy.0 = Release|ARM
		{0565485A-D6D6-4B5B-8385-41EF9D7D445C}.Release|x86.ActiveCfg = Release|x86
		{0565485A-D6D6-4B5B-8385-41EF9D7D445C}.Release|x86.Build.0 = Release|x86
		{0565485A-D6D6-4B5B-8385-41EF9D7D445C}.Release|x86.Deploy.0 = Release|x86
	EndGlobalSection
	GlobalSection(SolutionProperties) = preSolution
		HideSolutionNode = FALSE
	EndGlobalSection
EndGlobal
